// !$*UTF8*$!
{
	archiveVersion = 1;
	classes = {
	};
	objectVersion = 56;
	objects = {

/* Begin PBXBuildFile section */
		1C9202D82A56FD1C00C3F709 /* CodeApp.swift in Sources */ = {isa = PBXBuildFile; fileRef = 1C9202D72A56FD1C00C3F709 /* CodeApp.swift */; };
		1C9202DA2A56FD1C00C3F709 /* ContentView.swift in Sources */ = {isa = PBXBuildFile; fileRef = 1C9202D92A56FD1C00C3F709 /* ContentView.swift */; };
		1C9202DF2A56FD1D00C3F709 /* Preview Assets.xcassets in Resources */ = {isa = PBXBuildFile; fileRef = 1C9202DE2A56FD1D00C3F709 /* Preview Assets.xcassets */; };
		1C9203022A56FD7100C3F709 /* Assets.xcassets in Resources */ = {isa = PBXBuildFile; fileRef = 1C9203012A56FD7100C3F709 /* Assets.xcassets */; };
		1C9203142A56FE2900C3F709 /* ItemViewModel.swift in Sources */ = {isa = PBXBuildFile; fileRef = 1C9203082A56FE2900C3F709 /* ItemViewModel.swift */; };
		1C9203152A56FE2900C3F709 /* Preview Assets.xcassets in Resources */ = {isa = PBXBuildFile; fileRef = 1C92030A2A56FE2900C3F709 /* Preview Assets.xcassets */; };
		1C9203162A56FE2900C3F709 /* Item.swift in Sources */ = {isa = PBXBuildFile; fileRef = 1C92030C2A56FE2900C3F709 /* Item.swift */; };
		1C9203172A56FE2900C3F709 /* TransactionView.swift in Sources */ = {isa = PBXBuildFile; fileRef = 1C92030E2A56FE2900C3F709 /* TransactionView.swift */; };
		1C9203182A56FE2900C3F709 /* SummaryView.swift in Sources */ = {isa = PBXBuildFile; fileRef = 1C92030F2A56FE2900C3F709 /* SummaryView.swift */; };
		1C9203192A56FE2900C3F709 /* ListView.swift in Sources */ = {isa = PBXBuildFile; fileRef = 1C9203102A56FE2900C3F709 /* ListView.swift */; };
		1C92031A2A56FE2900C3F709 /* FriendsScreenView.swift in Sources */ = {isa = PBXBuildFile; fileRef = 1C9203112A56FE2900C3F709 /* FriendsScreenView.swift */; };
		1C92031B2A56FE2900C3F709 /* CustomTabBar.swift in Sources */ = {isa = PBXBuildFile; fileRef = 1C9203122A56FE2900C3F709 /* CustomTabBar.swift */; };
		1C92031E2A56FE9A00C3F709 /* Extensions.swift in Sources */ = {isa = PBXBuildFile; fileRef = 1C92031D2A56FE9A00C3F709 /* Extensions.swift */; };
/* End PBXBuildFile section */

/* Begin PBXContainerItemProxy section */
		1C9202E52A56FD1E00C3F709 /* PBXContainerItemProxy */ = {
			isa = PBXContainerItemProxy;
			containerPortal = 1C9202CC2A56FD1C00C3F709 /* Project object */;
			proxyType = 1;
			remoteGlobalIDString = 1C9202D32A56FD1C00C3F709;
			remoteInfo = Code;
		};
		1C9202EF2A56FD1E00C3F709 /* PBXContainerItemProxy */ = {
			isa = PBXContainerItemProxy;
			containerPortal = 1C9202CC2A56FD1C00C3F709 /* Project object */;
			proxyType = 1;
			remoteGlobalIDString = 1C9202D32A56FD1C00C3F709;
			remoteInfo = Code;
		};
/* End PBXContainerItemProxy section */

/* Begin PBXFileReference section */
		1C9202D42A56FD1C00C3F709 /* Code.app */ = {isa = PBXFileReference; explicitFileType = wrapper.application; includeInIndex = 0; path = Code.app; sourceTree = BUILT_PRODUCTS_DIR; };
		1C9202D72A56FD1C00C3F709 /* CodeApp.swift */ = {isa = PBXFileReference; lastKnownFileType = sourcecode.swift; path = CodeApp.swift; sourceTree = "<group>"; };
		1C9202D92A56FD1C00C3F709 /* ContentView.swift */ = {isa = PBXFileReference; lastKnownFileType = sourcecode.swift; path = ContentView.swift; sourceTree = "<group>"; };
		1C9202DE2A56FD1D00C3F709 /* Preview Assets.xcassets */ = {isa = PBXFileReference; lastKnownFileType = folder.assetcatalog; path = "Preview Assets.xcassets"; sourceTree = "<group>"; };
		1C9202E42A56FD1E00C3F709 /* CodeTests.xctest */ = {isa = PBXFileReference; explicitFileType = wrapper.cfbundle; includeInIndex = 0; path = CodeTests.xctest; sourceTree = BUILT_PRODUCTS_DIR; };
		1C9202EE2A56FD1E00C3F709 /* CodeUITests.xctest */ = {isa = PBXFileReference; explicitFileType = wrapper.cfbundle; includeInIndex = 0; path = CodeUITests.xctest; sourceTree = BUILT_PRODUCTS_DIR; };
		1C9203012A56FD7100C3F709 /* Assets.xcassets */ = {isa = PBXFileReference; lastKnownFileType = folder.assetcatalog; name = Assets.xcassets; path = "Preview Content/Assets.xcassets"; sourceTree = "<group>"; };
		1C9203082A56FE2900C3F709 /* ItemViewModel.swift */ = {isa = PBXFileReference; fileEncoding = 4; lastKnownFileType = sourcecode.swift; path = ItemViewModel.swift; sourceTree = "<group>"; };
		1C92030A2A56FE2900C3F709 /* Preview Assets.xcassets */ = {isa = PBXFileReference; lastKnownFileType = folder.assetcatalog; path = "Preview Assets.xcassets"; sourceTree = "<group>"; };
		1C92030C2A56FE2900C3F709 /* Item.swift */ = {isa = PBXFileReference; fileEncoding = 4; lastKnownFileType = sourcecode.swift; path = Item.swift; sourceTree = "<group>"; };
		1C92030E2A56FE2900C3F709 /* TransactionView.swift */ = {isa = PBXFileReference; fileEncoding = 4; lastKnownFileType = sourcecode.swift; path = TransactionView.swift; sourceTree = "<group>"; };
		1C92030F2A56FE2900C3F709 /* SummaryView.swift */ = {isa = PBXFileReference; fileEncoding = 4; lastKnownFileType = sourcecode.swift; path = SummaryView.swift; sourceTree = "<group>"; };
		1C9203102A56FE2900C3F709 /* ListView.swift */ = {isa = PBXFileReference; fileEncoding = 4; lastKnownFileType = sourcecode.swift; path = ListView.swift; sourceTree = "<group>"; };
		1C9203112A56FE2900C3F709 /* FriendsScreenView.swift */ = {isa = PBXFileReference; fileEncoding = 4; lastKnownFileType = sourcecode.swift; path = FriendsScreenView.swift; sourceTree = "<group>"; };
		1C9203122A56FE2900C3F709 /* CustomTabBar.swift */ = {isa = PBXFileReference; fileEncoding = 4; lastKnownFileType = sourcecode.swift; path = CustomTabBar.swift; sourceTree = "<group>"; };
		1C92031D2A56FE9A00C3F709 /* Extensions.swift */ = {isa = PBXFileReference; fileEncoding = 4; lastKnownFileType = sourcecode.swift; path = Extensions.swift; sourceTree = "<group>"; };
/* End PBXFileReference section */

/* Begin PBXFrameworksBuildPhase section */
		1C9202D12A56FD1C00C3F709 /* Frameworks */ = {
			isa = PBXFrameworksBuildPhase;
			buildActionMask = 2147483647;
			files = (
			);
			runOnlyForDeploymentPostprocessing = 0;
		};
		1C9202E12A56FD1E00C3F709 /* Frameworks */ = {
			isa = PBXFrameworksBuildPhase;
			buildActionMask = 2147483647;
			files = (
			);
			runOnlyForDeploymentPostprocessing = 0;
		};
		1C9202EB2A56FD1E00C3F709 /* Frameworks */ = {
			isa = PBXFrameworksBuildPhase;
			buildActionMask = 2147483647;
			files = (
			);
			runOnlyForDeploymentPostprocessing = 0;
		};
/* End PBXFrameworksBuildPhase section */

/* Begin PBXGroup section */
		1C9202CB2A56FD1C00C3F709 = {
			isa = PBXGroup;
			children = (
				1C9202D62A56FD1C00C3F709 /* Code */,
				1C9202D52A56FD1C00C3F709 /* Products */,
			);
			sourceTree = "<group>";
		};
		1C9202D52A56FD1C00C3F709 /* Products */ = {
			isa = PBXGroup;
			children = (
				1C9202D42A56FD1C00C3F709 /* Code.app */,
				1C9202E42A56FD1E00C3F709 /* CodeTests.xctest */,
				1C9202EE2A56FD1E00C3F709 /* CodeUITests.xctest */,
			);
			name = Products;
			sourceTree = "<group>";
		};
		1C9202D62A56FD1C00C3F709 /* Code */ = {
			isa = PBXGroup;
			children = (
				1C92031D2A56FE9A00C3F709 /* Extensions.swift */,
				1C9203012A56FD7100C3F709 /* Assets.xcassets */,
				1C9202D72A56FD1C00C3F709 /* CodeApp.swift */,
				1C92030B2A56FE2900C3F709 /* Models */,
				1C9203092A56FE2900C3F709 /* Preview Content */,
				1C9203072A56FE2900C3F709 /* ViewModels */,
				1C92030D2A56FE2900C3F709 /* Views */,
				1C9202DD2A56FD1D00C3F709 /* Preview Content */,
			);
			path = Code;
			sourceTree = "<group>";
		};
		1C9202DD2A56FD1D00C3F709 /* Preview Content */ = {
			isa = PBXGroup;
			children = (
				1C9202DE2A56FD1D00C3F709 /* Preview Assets.xcassets */,
			);
			path = "Preview Content";
			sourceTree = "<group>";
		};
		1C9203072A56FE2900C3F709 /* ViewModels */ = {
			isa = PBXGroup;
			children = (
				1C9203082A56FE2900C3F709 /* ItemViewModel.swift */,
			);
			path = ViewModels;
			sourceTree = "<group>";
		};
		1C9203092A56FE2900C3F709 /* Preview Content */ = {
			isa = PBXGroup;
			children = (
				1C92030A2A56FE2900C3F709 /* Preview Assets.xcassets */,
			);
			name = "Preview Content";
			path = "Preview Content/Preview Content";
			sourceTree = "<group>";
		};
		1C92030B2A56FE2900C3F709 /* Models */ = {
			isa = PBXGroup;
			children = (
				1C92030C2A56FE2900C3F709 /* Item.swift */,
			);
			path = Models;
			sourceTree = "<group>";
		};
		1C92030D2A56FE2900C3F709 /* Views */ = {
			isa = PBXGroup;
			children = (
				1C9202D92A56FD1C00C3F709 /* ContentView.swift */,
				1C92030E2A56FE2900C3F709 /* TransactionView.swift */,
				1C92030F2A56FE2900C3F709 /* SummaryView.swift */,
				1C9203102A56FE2900C3F709 /* ListView.swift */,
				1C9203112A56FE2900C3F709 /* FriendsScreenView.swift */,
				1C9203122A56FE2900C3F709 /* CustomTabBar.swift */,
			);
			path = Views;
			sourceTree = "<group>";
		};
/* End PBXGroup section */

/* Begin PBXNativeTarget section */
		1C9202D32A56FD1C00C3F709 /* Code */ = {
			isa = PBXNativeTarget;
			buildConfigurationList = 1C9202F82A56FD1E00C3F709 /* Build configuration list for PBXNativeTarget "Code" */;
			buildPhases = (
				1C9202D02A56FD1C00C3F709 /* Sources */,
				1C9202D12A56FD1C00C3F709 /* Frameworks */,
				1C9202D22A56FD1C00C3F709 /* Resources */,
			);
			buildRules = (
			);
			dependencies = (
			);
			name = Code;
			productName = Code;
			productReference = 1C9202D42A56FD1C00C3F709 /* Code.app */;
			productType = "com.apple.product-type.application";
		};
		1C9202E32A56FD1E00C3F709 /* CodeTests */ = {
			isa = PBXNativeTarget;
			buildConfigurationList = 1C9202FB2A56FD1E00C3F709 /* Build configuration list for PBXNativeTarget "CodeTests" */;
			buildPhases = (
				1C9202E02A56FD1E00C3F709 /* Sources */,
				1C9202E12A56FD1E00C3F709 /* Frameworks */,
				1C9202E22A56FD1E00C3F709 /* Resources */,
			);
			buildRules = (
			);
			dependencies = (
				1C9202E62A56FD1E00C3F709 /* PBXTargetDependency */,
			);
			name = CodeTests;
			productName = CodeTests;
			productReference = 1C9202E42A56FD1E00C3F709 /* CodeTests.xctest */;
			productType = "com.apple.product-type.bundle.unit-test";
		};
		1C9202ED2A56FD1E00C3F709 /* CodeUITests */ = {
			isa = PBXNativeTarget;
			buildConfigurationList = 1C9202FE2A56FD1E00C3F709 /* Build configuration list for PBXNativeTarget "CodeUITests" */;
			buildPhases = (
				1C9202EA2A56FD1E00C3F709 /* Sources */,
				1C9202EB2A56FD1E00C3F709 /* Frameworks */,
				1C9202EC2A56FD1E00C3F709 /* Resources */,
			);
			buildRules = (
			);
			dependencies = (
				1C9202F02A56FD1E00C3F709 /* PBXTargetDependency */,
			);
			name = CodeUITests;
			productName = CodeUITests;
			productReference = 1C9202EE2A56FD1E00C3F709 /* CodeUITests.xctest */;
			productType = "com.apple.product-type.bundle.ui-testing";
		};
/* End PBXNativeTarget section */

/* Begin PBXProject section */
		1C9202CC2A56FD1C00C3F709 /* Project object */ = {
			isa = PBXProject;
			attributes = {
				BuildIndependentTargetsInParallel = 1;
				LastSwiftUpdateCheck = 1430;
				LastUpgradeCheck = 1430;
				TargetAttributes = {
					1C9202D32A56FD1C00C3F709 = {
						CreatedOnToolsVersion = 14.3.1;
					};
					1C9202E32A56FD1E00C3F709 = {
						CreatedOnToolsVersion = 14.3.1;
						TestTargetID = 1C9202D32A56FD1C00C3F709;
					};
					1C9202ED2A56FD1E00C3F709 = {
						CreatedOnToolsVersion = 14.3.1;
						TestTargetID = 1C9202D32A56FD1C00C3F709;
					};
				};
			};
			buildConfigurationList = 1C9202CF2A56FD1C00C3F709 /* Build configuration list for PBXProject "Code" */;
			compatibilityVersion = "Xcode 14.0";
			developmentRegion = en;
			hasScannedForEncodings = 0;
			knownRegions = (
				en,
				Base,
			);
			mainGroup = 1C9202CB2A56FD1C00C3F709;
			productRefGroup = 1C9202D52A56FD1C00C3F709 /* Products */;
			projectDirPath = "";
			projectRoot = "";
			targets = (
				1C9202D32A56FD1C00C3F709 /* Code */,
				1C9202E32A56FD1E00C3F709 /* CodeTests */,
				1C9202ED2A56FD1E00C3F709 /* CodeUITests */,
			);
		};
/* End PBXProject section */

/* Begin PBXResourcesBuildPhase section */
		1C9202D22A56FD1C00C3F709 /* Resources */ = {
			isa = PBXResourcesBuildPhase;
			buildActionMask = 2147483647;
			files = (
				1C9202DF2A56FD1D00C3F709 /* Preview Assets.xcassets in Resources */,
				1C9203152A56FE2900C3F709 /* Preview Assets.xcassets in Resources */,
				1C9203022A56FD7100C3F709 /* Assets.xcassets in Resources */,
			);
			runOnlyForDeploymentPostprocessing = 0;
		};
		1C9202E22A56FD1E00C3F709 /* Resources */ = {
			isa = PBXResourcesBuildPhase;
			buildActionMask = 2147483647;
			files = (
			);
			runOnlyForDeploymentPostprocessing = 0;
		};
		1C9202EC2A56FD1E00C3F709 /* Resources */ = {
			isa = PBXResourcesBuildPhase;
			buildActionMask = 2147483647;
			files = (
			);
			runOnlyForDeploymentPostprocessing = 0;
		};
/* End PBXResourcesBuildPhase section */

/* Begin PBXSourcesBuildPhase section */
		1C9202D02A56FD1C00C3F709 /* Sources */ = {
			isa = PBXSourcesBuildPhase;
			buildActionMask = 2147483647;
			files = (
				1C92031A2A56FE2900C3F709 /* FriendsScreenView.swift in Sources */,
				1C9203162A56FE2900C3F709 /* Item.swift in Sources */,
				1C9202DA2A56FD1C00C3F709 /* ContentView.swift in Sources */,
				1C9203172A56FE2900C3F709 /* TransactionView.swift in Sources */,
				1C92031B2A56FE2900C3F709 /* CustomTabBar.swift in Sources */,
				1C92031E2A56FE9A00C3F709 /* Extensions.swift in Sources */,
				1C9203192A56FE2900C3F709 /* ListView.swift in Sources */,
				1C9202D82A56FD1C00C3F709 /* CodeApp.swift in Sources */,
				1C9203142A56FE2900C3F709 /* ItemViewModel.swift in Sources */,
				1C9203182A56FE2900C3F709 /* SummaryView.swift in Sources */,
			);
			runOnlyForDeploymentPostprocessing = 0;
		};
		1C9202E02A56FD1E00C3F709 /* Sources */ = {
			isa = PBXSourcesBuildPhase;
			buildActionMask = 2147483647;
			files = (
			);
			runOnlyForDeploymentPostprocessing = 0;
		};
		1C9202EA2A56FD1E00C3F709 /* Sources */ = {
			isa = PBXSourcesBuildPhase;
			buildActionMask = 2147483647;
			files = (
			);
			runOnlyForDeploymentPostprocessing = 0;
		};
/* End PBXSourcesBuildPhase section */

/* Begin PBXTargetDependency section */
		1C9202E62A56FD1E00C3F709 /* PBXTargetDependency */ = {
			isa = PBXTargetDependency;
			target = 1C9202D32A56FD1C00C3F709 /* Code */;
			targetProxy = 1C9202E52A56FD1E00C3F709 /* PBXContainerItemProxy */;
		};
		1C9202F02A56FD1E00C3F709 /* PBXTargetDependency */ = {
			isa = PBXTargetDependency;
			target = 1C9202D32A56FD1C00C3F709 /* Code */;
			targetProxy = 1C9202EF2A56FD1E00C3F709 /* PBXContainerItemProxy */;
		};
/* End PBXTargetDependency section */

/* Begin XCBuildConfiguration section */
		1C9202F62A56FD1E00C3F709 /* Debug */ = {
			isa = XCBuildConfiguration;
			buildSettings = {
				ALWAYS_SEARCH_USER_PATHS = NO;
				CLANG_ANALYZER_NONNULL = YES;
				CLANG_ANALYZER_NUMBER_OBJECT_CONVERSION = YES_AGGRESSIVE;
				CLANG_CXX_LANGUAGE_STANDARD = "gnu++20";
				CLANG_ENABLE_MODULES = YES;
				CLANG_ENABLE_OBJC_ARC = YES;
				CLANG_ENABLE_OBJC_WEAK = YES;
				CLANG_WARN_BLOCK_CAPTURE_AUTORELEASING = YES;
				CLANG_WARN_BOOL_CONVERSION = YES;
				CLANG_WARN_COMMA = YES;
				CLANG_WARN_CONSTANT_CONVERSION = YES;
				CLANG_WARN_DEPRECATED_OBJC_IMPLEMENTATIONS = YES;
				CLANG_WARN_DIRECT_OBJC_ISA_USAGE = YES_ERROR;
				CLANG_WARN_DOCUMENTATION_COMMENTS = YES;
				CLANG_WARN_EMPTY_BODY = YES;
				CLANG_WARN_ENUM_CONVERSION = YES;
				CLANG_WARN_INFINITE_RECURSION = YES;
				CLANG_WARN_INT_CONVERSION = YES;
				CLANG_WARN_NON_LITERAL_NULL_CONVERSION = YES;
				CLANG_WARN_OBJC_IMPLICIT_RETAIN_SELF = YES;
				CLANG_WARN_OBJC_LITERAL_CONVERSION = YES;
				CLANG_WARN_OBJC_ROOT_CLASS = YES_ERROR;
				CLANG_WARN_QUOTED_INCLUDE_IN_FRAMEWORK_HEADER = YES;
				CLANG_WARN_RANGE_LOOP_ANALYSIS = YES;
				CLANG_WARN_STRICT_PROTOTYPES = YES;
				CLANG_WARN_SUSPICIOUS_MOVE = YES;
				CLANG_WARN_UNGUARDED_AVAILABILITY = YES_AGGRESSIVE;
				CLANG_WARN_UNREACHABLE_CODE = YES;
				CLANG_WARN__DUPLICATE_METHOD_MATCH = YES;
				COPY_PHASE_STRIP = NO;
				DEBUG_INFORMATION_FORMAT = dwarf;
				ENABLE_STRICT_OBJC_MSGSEND = YES;
				ENABLE_TESTABILITY = YES;
				GCC_C_LANGUAGE_STANDARD = gnu11;
				GCC_DYNAMIC_NO_PIC = NO;
				GCC_NO_COMMON_BLOCKS = YES;
				GCC_OPTIMIZATION_LEVEL = 0;
				GCC_PREPROCESSOR_DEFINITIONS = (
					"DEBUG=1",
					"$(inherited)",
				);
				GCC_WARN_64_TO_32_BIT_CONVERSION = YES;
				GCC_WARN_ABOUT_RETURN_TYPE = YES_ERROR;
				GCC_WARN_UNDECLARED_SELECTOR = YES;
				GCC_WARN_UNINITIALIZED_AUTOS = YES_AGGRESSIVE;
				GCC_WARN_UNUSED_FUNCTION = YES;
				GCC_WARN_UNUSED_VARIABLE = YES;
				IPHONEOS_DEPLOYMENT_TARGET = 16.4;
				MTL_ENABLE_DEBUG_INFO = INCLUDE_SOURCE;
				MTL_FAST_MATH = YES;
				ONLY_ACTIVE_ARCH = YES;
				SDKROOT = iphoneos;
				SWIFT_ACTIVE_COMPILATION_CONDITIONS = DEBUG;
				SWIFT_OPTIMIZATION_LEVEL = "-Onone";
			};
			name = Debug;
		};
		1C9202F72A56FD1E00C3F709 /* Release */ = {
			isa = XCBuildConfiguration;
			buildSettings = {
				ALWAYS_SEARCH_USER_PATHS = NO;
				CLANG_ANALYZER_NONNULL = YES;
				CLANG_ANALYZER_NUMBER_OBJECT_CONVERSION = YES_AGGRESSIVE;
				CLANG_CXX_LANGUAGE_STANDARD = "gnu++20";
				CLANG_ENABLE_MODULES = YES;
				CLANG_ENABLE_OBJC_ARC = YES;
				CLANG_ENABLE_OBJC_WEAK = YES;
				CLANG_WARN_BLOCK_CAPTURE_AUTORELEASING = YES;
				CLANG_WARN_BOOL_CONVERSION = YES;
				CLANG_WARN_COMMA = YES;
				CLANG_WARN_CONSTANT_CONVERSION = YES;
				CLANG_WARN_DEPRECATED_OBJC_IMPLEMENTATIONS = YES;
				CLANG_WARN_DIRECT_OBJC_ISA_USAGE = YES_ERROR;
				CLANG_WARN_DOCUMENTATION_COMMENTS = YES;
				CLANG_WARN_EMPTY_BODY = YES;
				CLANG_WARN_ENUM_CONVERSION = YES;
				CLANG_WARN_INFINITE_RECURSION = YES;
				CLANG_WARN_INT_CONVERSION = YES;
				CLANG_WARN_NON_LITERAL_NULL_CONVERSION = YES;
				CLANG_WARN_OBJC_IMPLICIT_RETAIN_SELF = YES;
				CLANG_WARN_OBJC_LITERAL_CONVERSION = YES;
				CLANG_WARN_OBJC_ROOT_CLASS = YES_ERROR;
				CLANG_WARN_QUOTED_INCLUDE_IN_FRAMEWORK_HEADER = YES;
				CLANG_WARN_RANGE_LOOP_ANALYSIS = YES;
				CLANG_WARN_STRICT_PROTOTYPES = YES;
				CLANG_WARN_SUSPICIOUS_MOVE = YES;
				CLANG_WARN_UNGUARDED_AVAILABILITY = YES_AGGRESSIVE;
				CLANG_WARN_UNREACHABLE_CODE = YES;
				CLANG_WARN__DUPLICATE_METHOD_MATCH = YES;
				COPY_PHASE_STRIP = NO;
				DEBUG_INFORMATION_FORMAT = "dwarf-with-dsym";
				ENABLE_NS_ASSERTIONS = NO;
				ENABLE_STRICT_OBJC_MSGSEND = YES;
				GCC_C_LANGUAGE_STANDARD = gnu11;
				GCC_NO_COMMON_BLOCKS = YES;
				GCC_WARN_64_TO_32_BIT_CONVERSION = YES;
				GCC_WARN_ABOUT_RETURN_TYPE = YES_ERROR;
				GCC_WARN_UNDECLARED_SELECTOR = YES;
				GCC_WARN_UNINITIALIZED_AUTOS = YES_AGGRESSIVE;
				GCC_WARN_UNUSED_FUNCTION = YES;
				GCC_WARN_UNUSED_VARIABLE = YES;
				IPHONEOS_DEPLOYMENT_TARGET = 16.4;
				MTL_ENABLE_DEBUG_INFO = NO;
				MTL_FAST_MATH = YES;
				SDKROOT = iphoneos;
				SWIFT_COMPILATION_MODE = wholemodule;
				SWIFT_OPTIMIZATION_LEVEL = "-O";
				VALIDATE_PRODUCT = YES;
			};
			name = Release;
		};
		1C9202F92A56FD1E00C3F709 /* Debug */ = {
			isa = XCBuildConfiguration;
			buildSettings = {
				ASSETCATALOG_COMPILER_APPICON_NAME = AppIcon;
				ASSETCATALOG_COMPILER_GLOBAL_ACCENT_COLOR_NAME = AccentColor;
				CODE_SIGN_STYLE = Automatic;
				CURRENT_PROJECT_VERSION = 1;
				DEVELOPMENT_ASSET_PATHS = "\"Code/Preview Content\"";
				DEVELOPMENT_TEAM = J4ZHKB4N9X;
				ENABLE_PREVIEWS = YES;
				GENERATE_INFOPLIST_FILE = YES;
				INFOPLIST_KEY_UIApplicationSceneManifest_Generation = YES;
				INFOPLIST_KEY_UIApplicationSupportsIndirectInputEvents = YES;
				INFOPLIST_KEY_UILaunchScreen_Generation = YES;
				INFOPLIST_KEY_UISupportedInterfaceOrientations_iPad = "UIInterfaceOrientationPortrait UIInterfaceOrientationPortraitUpsideDown UIInterfaceOrientationLandscapeLeft UIInterfaceOrientationLandscapeRight";
				INFOPLIST_KEY_UISupportedInterfaceOrientations_iPhone = "UIInterfaceOrientationPortrait UIInterfaceOrientationLandscapeLeft UIInterfaceOrientationLandscapeRight";
				LD_RUNPATH_SEARCH_PATHS = (
					"$(inherited)",
					"@executable_path/Frameworks",
				);
				MARKETING_VERSION = 1.0;
				PRODUCT_BUNDLE_IDENTIFIER = test.Code;
				PRODUCT_NAME = "$(TARGET_NAME)";
				SWIFT_EMIT_LOC_STRINGS = YES;
				SWIFT_VERSION = 5.0;
				TARGETED_DEVICE_FAMILY = "1,2";
			};
			name = Debug;
		};
		1C9202FA2A56FD1E00C3F709 /* Release */ = {
			isa = XCBuildConfiguration;
			buildSettings = {
				ASSETCATALOG_COMPILER_APPICON_NAME = AppIcon;
				ASSETCATALOG_COMPILER_GLOBAL_ACCENT_COLOR_NAME = AccentColor;
				CODE_SIGN_STYLE = Automatic;
				CURRENT_PROJECT_VERSION = 1;
				DEVELOPMENT_ASSET_PATHS = "\"Code/Preview Content\"";
				DEVELOPMENT_TEAM = J4ZHKB4N9X;
				ENABLE_PREVIEWS = YES;
				GENERATE_INFOPLIST_FILE = YES;
				INFOPLIST_KEY_UIApplicationSceneManifest_Generation = YES;
				INFOPLIST_KEY_UIApplicationSupportsIndirectInputEvents = YES;
				INFOPLIST_KEY_UILaunchScreen_Generation = YES;
				INFOPLIST_KEY_UISupportedInterfaceOrientations_iPad = "UIInterfaceOrientationPortrait UIInterfaceOrientationPortraitUpsideDown UIInterfaceOrientationLandscapeLeft UIInterfaceOrientationLandscapeRight";
				INFOPLIST_KEY_UISupportedInterfaceOrientations_iPhone = "UIInterfaceOrientationPortrait UIInterfaceOrientationLandscapeLeft UIInterfaceOrientationLandscapeRight";
				LD_RUNPATH_SEARCH_PATHS = (
					"$(inherited)",
					"@executable_path/Frameworks",
				);
				MARKETING_VERSION = 1.0;
				PRODUCT_BUNDLE_IDENTIFIER = test.Code;
				PRODUCT_NAME = "$(TARGET_NAME)";
				SWIFT_EMIT_LOC_STRINGS = YES;
				SWIFT_VERSION = 5.0;
				TARGETED_DEVICE_FAMILY = "1,2";
			};
			name = Release;
		};
		1C9202FC2A56FD1E00C3F709 /* Debug */ = {
			isa = XCBuildConfiguration;
			buildSettings = {
				ALWAYS_EMBED_SWIFT_STANDARD_LIBRARIES = YES;
				BUNDLE_LOADER = "$(TEST_HOST)";
				CODE_SIGN_STYLE = Automatic;
				CURRENT_PROJECT_VERSION = 1;
				DEVELOPMENT_TEAM = J4ZHKB4N9X;
				GENERATE_INFOPLIST_FILE = YES;
				IPHONEOS_DEPLOYMENT_TARGET = 16.4;
				MARKETING_VERSION = 1.0;
				PRODUCT_BUNDLE_IDENTIFIER = test.CodeTests;
				PRODUCT_NAME = "$(TARGET_NAME)";
				SWIFT_EMIT_LOC_STRINGS = NO;
				SWIFT_VERSION = 5.0;
				TARGETED_DEVICE_FAMILY = "1,2";
				TEST_HOST = "$(BUILT_PRODUCTS_DIR)/Code.app/$(BUNDLE_EXECUTABLE_FOLDER_PATH)/Code";
			};
			name = Debug;
		};
		1C9202FD2A56FD1E00C3F709 /* Release */ = {
			isa = XCBuildConfiguration;
			buildSettings = {
				ALWAYS_EMBED_SWIFT_STANDARD_LIBRARIES = YES;
				BUNDLE_LOADER = "$(TEST_HOST)";
				CODE_SIGN_STYLE = Automatic;
				CURRENT_PROJECT_VERSION = 1;
				DEVELOPMENT_TEAM = J4ZHKB4N9X;
				GENERATE_INFOPLIST_FILE = YES;
				IPHONEOS_DEPLOYMENT_TARGET = 16.4;
				MARKETING_VERSION = 1.0;
				PRODUCT_BUNDLE_IDENTIFIER = test.CodeTests;
				PRODUCT_NAME = "$(TARGET_NAME)";
				SWIFT_EMIT_LOC_STRINGS = NO;
				SWIFT_VERSION = 5.0;
				TARGETED_DEVICE_FAMILY = "1,2";
				TEST_HOST = "$(BUILT_PRODUCTS_DIR)/Code.app/$(BUNDLE_EXECUTABLE_FOLDER_PATH)/Code";
			};
			name = Release;
		};
		1C9202FF2A56FD1E00C3F709 /* Debug */ = {
			isa = XCBuildConfiguration;
			buildSettings = {
				ALWAYS_EMBED_SWIFT_STANDARD_LIBRARIES = YES;
				CODE_SIGN_STYLE = Automatic;
				CURRENT_PROJECT_VERSION = 1;
				DEVELOPMENT_TEAM = J4ZHKB4N9X;
				GENERATE_INFOPLIST_FILE = YES;
				MARKETING_VERSION = 1.0;
				PRODUCT_BUNDLE_IDENTIFIER = test.CodeUITests;
				PRODUCT_NAME = "$(TARGET_NAME)";
				SWIFT_EMIT_LOC_STRINGS = NO;
				SWIFT_VERSION = 5.0;
				TARGETED_DEVICE_FAMILY = "1,2";
				TEST_TARGET_NAME = Code;
			};
			name = Debug;
		};
		1C9203002A56FD1E00C3F709 /* Release */ = {
			isa = XCBuildConfiguration;
			buildSettings = {
				ALWAYS_EMBED_SWIFT_STANDARD_LIBRARIES = YES;
				CODE_SIGN_STYLE = Automatic;
				CURRENT_PROJECT_VERSION = 1;
				DEVELOPMENT_TEAM = J4ZHKB4N9X;
				GENERATE_INFOPLIST_FILE = YES;
				MARKETING_VERSION = 1.0;
				PRODUCT_BUNDLE_IDENTIFIER = test.CodeUITests;
				PRODUCT_NAME = "$(TARGET_NAME)";
				SWIFT_EMIT_LOC_STRINGS = NO;
				SWIFT_VERSION = 5.0;
				TARGETED_DEVICE_FAMILY = "1,2";
				TEST_TARGET_NAME = Code;
			};
			name = Release;
		};
/* End XCBuildConfiguration section */

/* Begin XCConfigurationList section */
		1C9202CF2A56FD1C00C3F709 /* Build configuration list for PBXProject "Code" */ = {
			isa = XCConfigurationList;
			buildConfigurations = (
				1C9202F62A56FD1E00C3F709 /* Debug */,
				1C9202F72A56FD1E00C3F709 /* Release */,
			);
			defaultConfigurationIsVisible = 0;
			defaultConfigurationName = Release;
		};
		1C9202F82A56FD1E00C3F709 /* Build configuration list for PBXNativeTarget "Code" */ = {
			isa = XCConfigurationList;
			buildConfigurations = (
				1C9202F92A56FD1E00C3F709 /* Debug */,
				1C9202FA2A56FD1E00C3F709 /* Release */,
			);
			defaultConfigurationIsVisible = 0;
			defaultConfigurationName = Release;
		};
		1C9202FB2A56FD1E00C3F709 /* Build configuration list for PBXNativeTarget "CodeTests" */ = {
			isa = XCConfigurationList;
			buildConfigurations = (
				1C9202FC2A56FD1E00C3F709 /* Debug */,
				1C9202FD2A56FD1E00C3F709 /* Release */,
			);
			defaultConfigurationIsVisible = 0;
			defaultConfigurationName = Release;
		};
		1C9202FE2A56FD1E00C3F709 /* Build configuration list for PBXNativeTarget "CodeUITests" */ = {
			isa = XCConfigurationList;
			buildConfigurations = (
				1C9202FF2A56FD1E00C3F709 /* Debug */,
				1C9203002A56FD1E00C3F709 /* Release */,
			);
			defaultConfigurationIsVisible = 0;
			defaultConfigurationName = Release;
		};
/* End XCConfigurationList section */
	};
	rootObject = 1C9202CC2A56FD1C00C3F709 /* Project object */;
}
